
Microsoft Visual Studio Solution File, Format Version 12.00
# Visual Studio Version 16
VisualStudioVersion = 16.0.30330.147
MinimumVisualStudioVersion = 10.0.40219.1
Project("{9A19103F-16F7-4668-BE54-9A1E7A4F7556}") = "Railway.Monad.Sandbox", "src\Railway.Monad.Sandbox\Railway.Monad.Sandbox.csproj", "{68F6C83E-9059-44AA-A3EE-AD0ECB5B73D3}"
EndProject
Project("{9A19103F-16F7-4668-BE54-9A1E7A4F7556}") = "Railway.Monad.Core", "src\Railway.Monad.Core\Railway.Monad.Core.csproj", "{12A4380B-A45E-4EF8-9B90-FFED22AD0154}"
EndProject
Project("{FAE04EC0-301F-11D3-BF4B-00C04F79EFBC}") = "Railway.Monad.Tests", "tests\Railway.Monad.Tests\Railway.Monad.Tests.csproj", "{0A6F59C7-AB12-4AB5-BB8C-48860262B64D}"
EndProject
Global
	GlobalSection(SolutionConfigurationPlatforms) = preSolution
		Debug|Any CPU = Debug|Any CPU
		Release|Any CPU = Release|Any CPU
	EndGlobalSection
	GlobalSection(ProjectConfigurationPlatforms) = postSolution
		{68F6C83E-9059-44AA-A3EE-AD0ECB5B73D3}.Debug|Any CPU.ActiveCfg = Debug|Any CPU
		{68F6C83E-9059-44AA-A3EE-AD0ECB5B73D3}.Debug|Any CPU.Build.0 = Debug|Any CPU
		{68F6C83E-9059-44AA-A3EE-AD0ECB5B73D3}.Release|Any CPU.ActiveCfg = Release|Any CPU
		{68F6C83E-9059-44AA-A3EE-AD0ECB5B73D3}.Release|Any CPU.Build.0 = Release|Any CPU
		{12A4380B-A45E-4EF8-9B90-FFED22AD0154}.Debug|Any CPU.ActiveCfg = Debug|Any CPU
		{12A4380B-A45E-4EF8-9B90-FFED22AD0154}.Debug|Any CPU.Build.0 = Debug|Any CPU
		{12A4380B-A45E-4EF8-9B90-FFED22AD0154}.Release|Any CPU.ActiveCfg = Release|Any CPU
		{12A4380B-A45E-4EF8-9B90-FFED22AD0154}.Release|Any CPU.Build.0 = Release|Any CPU
		{0A6F59C7-AB12-4AB5-BB8C-48860262B64D}.Debug|Any CPU.ActiveCfg = Debug|Any CPU
		{0A6F59C7-AB12-4AB5-BB8C-48860262B64D}.Debug|Any CPU.Build.0 = Debug|Any CPU
		{0A6F59C7-AB12-4AB5-BB8C-48860262B64D}.Release|Any CPU.ActiveCfg = Release|Any CPU
		{0A6F59C7-AB12-4AB5-BB8C-48860262B64D}.Release|Any CPU.Build.0 = Release|Any CPU
	EndGlobalSection
	GlobalSection(SolutionProperties) = preSolution
		HideSolutionNode = FALSE
	EndGlobalSection
	GlobalSection(ExtensibilityGlobals) = postSolution
		SolutionGuid = {D95935D6-9C2C-4EBC-8127-3D34D1061EDE}
	EndGlobalSection
EndGlobal
